{
  "requires": true,
  "lockfileVersion": 1,
  "dependencies": {
    "cz-git": {
      "version": "1.4.1",
      "resolved": "https://registry.npmjs.org/cz-git/-/cz-git-1.4.1.tgz",
      "integrity": "sha512-EOtuitcnfxde8t3NNTKh2YxEJhLXGiVlKSVaZipK3+DVo135rEUifAfqxkslM66Nf6ZO7a+3JR+XAOLhMXUAjQ==",
      "dev": true
    }
  }
}
